
Microsoft Visual Studio Solution File, Format Version 12.00
# Visual Studio Version 16
VisualStudioVersion = 16.0.30128.74
MinimumVisualStudioVersion = 10.0.40219.1
Project("{159641D6-6404-4A2A-AE62-294DE0FE8301}") = "CSV to SQL Server Load", "CSV to SQL Server Load\CSV to SQL Server Load.dtproj", "{BE0DC486-2072-471C-BBFD-86F8AC6C395C}"
EndProject
Global
	GlobalSection(SolutionConfigurationPlatforms) = preSolution
		Development|Default = Development|Default
	EndGlobalSection
	GlobalSection(ProjectConfigurationPlatforms) = postSolution
		{BE0DC486-2072-471C-BBFD-86F8AC6C395C}.Development|Default.ActiveCfg = Development
		{BE0DC486-2072-471C-BBFD-86F8AC6C395C}.Development|Default.Build.0 = Development
	EndGlobalSection
	GlobalSection(SolutionProperties) = preSolution
		HideSolutionNode = FALSE
	EndGlobalSection
	GlobalSection(ExtensibilityGlobals) = postSolution
		SolutionGuid = {55A74AB5-8315-4F93-8CC1-43367F81B31A}
	EndGlobalSection
EndGlobal
